PODS:
  - Realm (10.28.1):
    - Realm/Headers (= 10.28.1)
  - Realm/Headers (10.28.1)
  - RealmSwift (10.28.1):
    - Realm (= 10.28.1)
  - RxCocoa (5.1.3):
    - RxRelay (~> 5)
    - RxSwift (~> 5)
  - RxRelay (5.1.3):
    - RxSwift (~> 5)
  - RxSwift (5.1.3)
  - SwiftyKeychainKit (1.0.0-beta.2)

DEPENDENCIES:
  - RealmSwift
  - RxCocoa (~> 5)
  - RxSwift (~> 5)
  - SwiftyKeychainKit (= 1.0.0-beta.2)

SPEC REPOS:
  trunk:
    - Realm
    - RealmSwift
    - RxCocoa
    - RxRelay
    - RxSwift
    - SwiftyKeychainKit

SPEC CHECKSUMS:
  Realm: f4674e0e7ee537f67a78d79bd8319bc777d61d06
  RealmSwift: 0e0e4786685c4442bf56d3831dfefb5fa05d6fd6
  RxCocoa: e2ed092d5432e4296aa818021d27de4090ac0354
  RxRelay: 5a18c2eb2d68326ebaf0112f80d837ae41b92b97
  RxSwift: 915abbdfb62214aa89ccd0b194d44fb478019b27
  SwiftyKeychainKit: dcbb1098d4fa1548282287a6beb186f9393e9025

PODFILE CHECKSUM: e0f0f0a5440d471488c22246fd2712cb357d9e99

COCOAPODS: 1.11.3
